// !$*UTF8*$!
{
	archiveVersion = 1;
	classes = {
	};
	objectVersion = 52;
	objects = {

/* Begin PBXBuildFile section */
		1404C86E222CE8D900F3B025 /* Test進捗.swift in Sources */ = {isa = PBXBuildFile; fileRef = 1404C86D222CE8D900F3B025 /* Test進捗.swift */; };
		1404E906220D905100841373 /* FileMakerSession.swift in Sources */ = {isa = PBXBuildFile; fileRef = 1404E905220D905100841373 /* FileMakerSession.swift */; };
		141203712201C3EA0054B56F /* Date.swift in Sources */ = {isa = PBXBuildFile; fileRef = 141203702201C3EA0054B56F /* Date.swift */; };
		141203732201C5890054B56F /* 出勤日.swift in Sources */ = {isa = PBXBuildFile; fileRef = 141203722201C5890054B56F /* 出勤日.swift */; };
		141203752201D6000054B56F /* スケジュール.swift in Sources */ = {isa = PBXBuildFile; fileRef = 141203742201D6000054B56F /* スケジュール.swift */; };
		141203792201D82F0054B56F /* Day.swift in Sources */ = {isa = PBXBuildFile; fileRef = 141203782201D82F0054B56F /* Day.swift */; };
		1412037B2201D8360054B56F /* Time.swift in Sources */ = {isa = PBXBuildFile; fileRef = 1412037A2201D8360054B56F /* Time.swift */; };
		1425D99D230778B700A2D6AB /* Month.swift in Sources */ = {isa = PBXBuildFile; fileRef = 1425D99C230778B700A2D6AB /* Month.swift */; };
		1425D99F230798DA00A2D6AB /* 経理状態.swift in Sources */ = {isa = PBXBuildFile; fileRef = 1425D99E230798DA00A2D6AB /* 経理状態.swift */; };
		1426FBB4231DECD1004D3EAC /* 作業.swift in Sources */ = {isa = PBXBuildFile; fileRef = 1426FBB3231DECD1004D3EAC /* 作業.swift */; };
		1426FBB8231DED92004D3EAC /* 部署作業者分析.swift in Sources */ = {isa = PBXBuildFile; fileRef = 1426FBB7231DED92004D3EAC /* 部署作業者分析.swift */; };
		142D3BA7231CAD1900B95EEB /* 指示書分析.swift in Sources */ = {isa = PBXBuildFile; fileRef = 142D3BA6231CAD1900B95EEB /* 指示書分析.swift */; };
		1430C033220CFFBE0095BA9C /* Test工程.swift in Sources */ = {isa = PBXBuildFile; fileRef = 1430C032220CFFBE0095BA9C /* Test工程.swift */; };
		1431E187220C2BC900E68ED7 /* 略号.swift in Sources */ = {isa = PBXBuildFile; fileRef = 1431E186220C2BC900E68ED7 /* 略号.swift */; };
		14363C4E238F891A0094FF00 /* 伝票種別.swift in Sources */ = {isa = PBXBuildFile; fileRef = 14363C4D238F891A0094FF00 /* 伝票種別.swift */; };
		1436782922643B3A00335943 /* TestDate.swift in Sources */ = {isa = PBXBuildFile; fileRef = 1436782822643B3A00335943 /* TestDate.swift */; };
		14399D5923EAA28C00BAFD48 /* Test社員.swift in Sources */ = {isa = PBXBuildFile; fileRef = 14399D5823EAA28C00BAFD48 /* Test社員.swift */; };
		143FA9DD224F5EA9000F2029 /* 社員.swift in Sources */ = {isa = PBXBuildFile; fileRef = 143FA9DC224F5EA9000F2029 /* 社員.swift */; };
		1440531724203DC700C4E48C /* 注文番号.swift in Sources */ = {isa = PBXBuildFile; fileRef = 1440531624203DC700C4E48C /* 注文番号.swift */; };
		144C75542421A68800934282 /* 在庫キャッシュ.swift in Sources */ = {isa = PBXBuildFile; fileRef = 144C75532421A68800934282 /* 在庫キャッシュ.swift */; };
		14552F6422099833000BDCB8 /* 作業内容.swift in Sources */ = {isa = PBXBuildFile; fileRef = 14552F6322099833000BDCB8 /* 作業内容.swift */; };
		14552F6622099B76000BDCB8 /* 指示書.swift in Sources */ = {isa = PBXBuildFile; fileRef = 14552F6522099B76000BDCB8 /* 指示書.swift */; };
		14552F6822099D32000BDCB8 /* FileMakerRecord.swift in Sources */ = {isa = PBXBuildFile; fileRef = 14552F6722099D32000BDCB8 /* FileMakerRecord.swift */; };
		145998D623E8E18F00E8AC2D /* 資材要求出力.swift in Sources */ = {isa = PBXBuildFile; fileRef = 145998D523E8E18F00E8AC2D /* 資材要求出力.swift */; };
		145EE8FD23964220008BC8B4 /* 作業種別.swift in Sources */ = {isa = PBXBuildFile; fileRef = 145EE8FC23964220008BC8B4 /* 作業種別.swift */; };
		145EE8FF2396422F008BC8B4 /* 作業系列.swift in Sources */ = {isa = PBXBuildFile; fileRef = 145EE8FE2396422F008BC8B4 /* 作業系列.swift */; };
		145EE90623967BBB008BC8B4 /* 進捗出力.swift in Sources */ = {isa = PBXBuildFile; fileRef = 145EE90523967BBB008BC8B4 /* 進捗出力.swift */; };
		1460F9B92399DC02006B31C0 /* Utility.swift in Sources */ = {isa = PBXBuildFile; fileRef = 1460F9B82399DC02006B31C0 /* Utility.swift */; };
		146508AC22FD4CF40095AD83 /* 発注.swift in Sources */ = {isa = PBXBuildFile; fileRef = 146508AB22FD4CF40095AD83 /* 発注.swift */; };
		146651B0240DC696008F50D0 /* 資材入出庫.swift in Sources */ = {isa = PBXBuildFile; fileRef = 146651AF240DC696008F50D0 /* 資材入出庫.swift */; };
		146746652373E8C90027B5C1 /* インシデント.swift in Sources */ = {isa = PBXBuildFile; fileRef = 146746642373E8C90027B5C1 /* インシデント.swift */; };
		14681F122212B3AE00C41D15 /* 工程図.swift in Sources */ = {isa = PBXBuildFile; fileRef = 14681F112212B3AE00C41D15 /* 工程図.swift */; };
		146884DA23E113750062F454 /* Set.swift in Sources */ = {isa = PBXBuildFile; fileRef = 146884D923E113750062F454 /* Set.swift */; };
		1469576B2405088100A29C4C /* DMScanner.swift in Sources */ = {isa = PBXBuildFile; fileRef = 1469576A2405088100A29C4C /* DMScanner.swift */; };
		1469D67323C406DE00A28A6D /* TableGenerator.swift in Sources */ = {isa = PBXBuildFile; fileRef = 1469D67223C406DE00A28A6D /* TableGenerator.swift */; };
		146AA03523EB818800126B0F /* LabelListPDFPage.swift in Sources */ = {isa = PBXBuildFile; fileRef = 146AA03423EB818800126B0F /* LabelListPDFPage.swift */; };
		146AA03723EB828900126B0F /* PaperPDFPage.swift in Sources */ = {isa = PBXBuildFile; fileRef = 146AA03623EB828900126B0F /* PaperPDFPage.swift */; };
		146AA59D2406067100ED395D /* 箱文字優先度.swift in Sources */ = {isa = PBXBuildFile; fileRef = 146AA59C2406067100ED395D /* 箱文字優先度.swift */; };
		146AA59F2406108D00ED395D /* 箱文字優先度キャッシュ.swift in Sources */ = {isa = PBXBuildFile; fileRef = 146AA59E2406108D00ED395D /* 箱文字優先度キャッシュ.swift */; };
		146AF0E923F5013A00F4DCFE /* Test発注.swift in Sources */ = {isa = PBXBuildFile; fileRef = 146AF0E823F5013A00F4DCFE /* Test発注.swift */; };
		146B4C4423E4F80B00FB392B /* Future.swift in Sources */ = {isa = PBXBuildFile; fileRef = 146B4C4323E4F80B00FB392B /* Future.swift */; };
		146B4C4623E4FE4200FB392B /* NSAttributedString.swift in Sources */ = {isa = PBXBuildFile; fileRef = 146B4C4523E4FE4200FB392B /* NSAttributedString.swift */; };
		146C1F35239F1F1200FE2918 /* 進捗状態.swift in Sources */ = {isa = PBXBuildFile; fileRef = 146C1F34239F1F1200FE2918 /* 進捗状態.swift */; };
		146D0B2B23EA765F006FECA7 /* Test資材要求出力.swift in Sources */ = {isa = PBXBuildFile; fileRef = 146D0B2A23EA765F006FECA7 /* Test資材要求出力.swift */; };
		146D0B2D23EA882F006FECA7 /* Test資材入出庫.swift in Sources */ = {isa = PBXBuildFile; fileRef = 146D0B2C23EA882F006FECA7 /* Test資材入出庫.swift */; };
		146D0B2F23EA8869006FECA7 /* 資材入出庫出力.swift in Sources */ = {isa = PBXBuildFile; fileRef = 146D0B2E23EA8869006FECA7 /* 資材入出庫出力.swift */; };
		146D0B3123EA8C8B006FECA7 /* 入力区分.swift in Sources */ = {isa = PBXBuildFile; fileRef = 146D0B3023EA8C8B006FECA7 /* 入力区分.swift */; };
		146D0B3323EA8DB9006FECA7 /* 部署.swift in Sources */ = {isa = PBXBuildFile; fileRef = 146D0B3223EA8DB9006FECA7 /* 部署.swift */; };
		146D0B3523EA9513006FECA7 /* Test部署.swift in Sources */ = {isa = PBXBuildFile; fileRef = 146D0B3423EA9513006FECA7 /* Test部署.swift */; };
		146F1695239904DB003F88A1 /* Test進捗出力.swift in Sources */ = {isa = PBXBuildFile; fileRef = 146F1694239904DB003F88A1 /* Test進捗出力.swift */; };
		14709DDC23F10CDA0014008C /* BarCode.swift in Sources */ = {isa = PBXBuildFile; fileRef = 14709DDB23F10CDA0014008C /* BarCode.swift */; };
		1470B25B236832820043A7B4 /* TestMonth.swift in Sources */ = {isa = PBXBuildFile; fileRef = 1470B25A236832820043A7B4 /* TestMonth.swift */; };
		14713C4123F607B40093F22D /* OrderedSet.swift in Sources */ = {isa = PBXBuildFile; fileRef = 14713C4023F607B40093F22D /* OrderedSet.swift */; };
		14713C4323F60F8A0093F22D /* UserDefaults.swift in Sources */ = {isa = PBXBuildFile; fileRef = 14713C4223F60F8A0093F22D /* UserDefaults.swift */; };
		14713CAA23F670BF0093F22D /* PDFKit.framework in Frameworks */ = {isa = PBXBuildFile; fileRef = 146AA03923EB893E00126B0F /* PDFKit.framework */; };
		1474761D23C6FE2600FE73B0 /* 製造グループ.swift in Sources */ = {isa = PBXBuildFile; fileRef = 1474761C23C6FE2600FE73B0 /* 製造グループ.swift */; };
		1486C06C222C8F1F00199EA5 /* カレンダー.swift in Sources */ = {isa = PBXBuildFile; fileRef = 1486C06B222C8F1F00199EA5 /* カレンダー.swift */; };
		149272412306959F00BE4BEF /* 指示書変更内容履歴.swift in Sources */ = {isa = PBXBuildFile; fileRef = 149272402306959F00BE4BEF /* 指示書変更内容履歴.swift */; };
		1495F80A242460D500944E46 /* 箱文字工程優先度.swift in Sources */ = {isa = PBXBuildFile; fileRef = 1495F809242460D500944E46 /* 箱文字工程優先度.swift */; };
		14985311230BCE91007734E0 /* 資源マスタ情報.swift in Sources */ = {isa = PBXBuildFile; fileRef = 14985310230BCE91007734E0 /* 資源マスタ情報.swift */; };
		14985313230BCEA7007734E0 /* 供給資源情報.swift in Sources */ = {isa = PBXBuildFile; fileRef = 14985312230BCEA7007734E0 /* 供給資源情報.swift */; };
		14985315230BCEB4007734E0 /* カレンダ情報.swift in Sources */ = {isa = PBXBuildFile; fileRef = 14985314230BCEB4007734E0 /* カレンダ情報.swift */; };
		14985317230BCEC2007734E0 /* 作業別工程情報.swift in Sources */ = {isa = PBXBuildFile; fileRef = 14985316230BCEC1007734E0 /* 作業別工程情報.swift */; };
		14985319230BCECD007734E0 /* 必要資源情報.swift in Sources */ = {isa = PBXBuildFile; fileRef = 14985318230BCECD007734E0 /* 必要資源情報.swift */; };
		1498531B230BCEE7007734E0 /* コンストレイン情報.swift in Sources */ = {isa = PBXBuildFile; fileRef = 1498531A230BCEE7007734E0 /* コンストレイン情報.swift */; };
		1498531D230BCEF6007734E0 /* 区分情報.swift in Sources */ = {isa = PBXBuildFile; fileRef = 1498531C230BCEF6007734E0 /* 区分情報.swift */; };
		14985325230BCF1C007734E0 /* マイルストーン情報.swift in Sources */ = {isa = PBXBuildFile; fileRef = 14985324230BCF1C007734E0 /* マイルストーン情報.swift */; };
		149BCAFD2208216B004066DD /* String.swift in Sources */ = {isa = PBXBuildFile; fileRef = 149BCAFC2208216B004066DD /* String.swift */; };
		149BCAFF22082BF2004066DD /* Lock.swift in Sources */ = {isa = PBXBuildFile; fileRef = 149BCAFE22082BF2004066DD /* Lock.swift */; };
		149BCB0122082D87004066DD /* Test出勤日.swift in Sources */ = {isa = PBXBuildFile; fileRef = 149BCB0022082D87004066DD /* Test出勤日.swift */; };
		149BCB032208419E004066DD /* Test指示書.swift in Sources */ = {isa = PBXBuildFile; fileRef = 149BCB022208419E004066DD /* Test指示書.swift */; };
		149BCB05220854F6004066DD /* 伝票状態.swift in Sources */ = {isa = PBXBuildFile; fileRef = 149BCB04220854F6004066DD /* 伝票状態.swift */; };
		149BCB07220854FE004066DD /* 工程状態.swift in Sources */ = {isa = PBXBuildFile; fileRef = 149BCB06220854FE004066DD /* 工程状態.swift */; };
		149BCB09220858FE004066DD /* 伝票種類.swift in Sources */ = {isa = PBXBuildFile; fileRef = 149BCB08220858FE004066DD /* 伝票種類.swift */; };
		14A251A223F38DBF00547371 /* 指示書キャッシュ.swift in Sources */ = {isa = PBXBuildFile; fileRef = 14A251A123F38DBF00547371 /* 指示書キャッシュ.swift */; };
		14AE0025241C5282009C9558 /* 最終発注単価キャッシュ.swift in Sources */ = {isa = PBXBuildFile; fileRef = 14AE0024241C5282009C9558 /* 最終発注単価キャッシュ.swift */; };
		14BA544C238D2EF70080925F /* 指示書文字数.swift in Sources */ = {isa = PBXBuildFile; fileRef = 14BA544B238D2EF70080925F /* 指示書文字数.swift */; };
		14BA544E238D43010080925F /* Test指示書文字数.swift in Sources */ = {isa = PBXBuildFile; fileRef = 14BA544D238D43010080925F /* Test指示書文字数.swift */; };
		14BEE9E42240928F00B2750B /* 資材.swift in Sources */ = {isa = PBXBuildFile; fileRef = 14BEE9E32240928F00B2750B /* 資材.swift */; };
		14BEE9E62240A8B300B2750B /* Test資材.swift in Sources */ = {isa = PBXBuildFile; fileRef = 14BEE9E52240A8B300B2750B /* Test資材.swift */; };
		14BF2168230CCDBE00CE4253 /* TestEtc.swift in Sources */ = {isa = PBXBuildFile; fileRef = 14BF2167230CCDBE00CE4253 /* TestEtc.swift */; };
		14BF216A230D083F00CE4253 /* グループ階層.swift in Sources */ = {isa = PBXBuildFile; fileRef = 14BF2169230D083F00CE4253 /* グループ階層.swift */; };
		14C066AA23757D47001E73F2 /* Version.swift in Sources */ = {isa = PBXBuildFile; fileRef = 14C066A923757D47001E73F2 /* Version.swift */; };
		14CAB7BF23E819910038870F /* Sequence.swift in Sources */ = {isa = PBXBuildFile; fileRef = 14CAB7BE23E819910038870F /* Sequence.swift */; };
		14CEBDF2222DFDE40023D0DC /* URL.swift in Sources */ = {isa = PBXBuildFile; fileRef = 14CEBDF1222DFDE40023D0DC /* URL.swift */; };
		14DA57152209A81E00831625 /* 工程.swift in Sources */ = {isa = PBXBuildFile; fileRef = 14DA57142209A81E00831625 /* 工程.swift */; };
		14DA57192209B0C600831625 /* 進捗.swift in Sources */ = {isa = PBXBuildFile; fileRef = 14DA57182209B0C600831625 /* 進捗.swift */; };
		14DFA38D24232FF2008BA120 /* 発注状態.swift in Sources */ = {isa = PBXBuildFile; fileRef = 14DFA38C24232FF2008BA120 /* 発注状態.swift */; };
		14F1FF1B24283DCF00FAA2C8 /* 入出庫キャッシュ.swift in Sources */ = {isa = PBXBuildFile; fileRef = 14F1FF1A24283DCF00FAA2C8 /* 入出庫キャッシュ.swift */; };
		8E0CBAE423EB62DB00587F6B /* PaperRect.swift in Sources */ = {isa = PBXBuildFile; fileRef = 8E0CBAE323EB62DB00587F6B /* PaperRect.swift */; };
		8E0CBAE923EB658E00587F6B /* UIKit.swift in Sources */ = {isa = PBXBuildFile; fileRef = 8E0CBAE823EB658E00587F6B /* UIKit.swift */; };
		8E0CBAEB23EB659800587F6B /* Cocoa.swift in Sources */ = {isa = PBXBuildFile; fileRef = 8E0CBAEA23EB659800587F6B /* Cocoa.swift */; };
		8E2CDF8A2340D22A00E7F147 /* 伝票番号.swift in Sources */ = {isa = PBXBuildFile; fileRef = 8E2CDF892340D22A00E7F147 /* 伝票番号.swift */; };
		8E392EDA21FD61D900CEDF18 /* DataManager.framework in Frameworks */ = {isa = PBXBuildFile; fileRef = 8E392ED021FD61D900CEDF18 /* DataManager.framework */; };
		8E392EDF21FD61D900CEDF18 /* DataManagerTests.swift in Sources */ = {isa = PBXBuildFile; fileRef = 8E392EDE21FD61D900CEDF18 /* DataManagerTests.swift */; };
		8E392EE121FD61D900CEDF18 /* DataManager.h in Headers */ = {isa = PBXBuildFile; fileRef = 8E392ED321FD61D900CEDF18 /* DataManager.h */; settings = {ATTRIBUTES = (Public, ); }; };
		8E392EEE21FD62D200CEDF18 /* FileMakerDB.swift in Sources */ = {isa = PBXBuildFile; fileRef = 8E392EED21FD62D200CEDF18 /* FileMakerDB.swift */; };
		8E6EB38024151AFC0013D04D /* 資材キャッシュ.swift in Sources */ = {isa = PBXBuildFile; fileRef = 8E6EB37F24151AFC0013D04D /* 資材キャッシュ.swift */; };
		8E7B720F242113BD0067A13A /* 管理資材.swift in Sources */ = {isa = PBXBuildFile; fileRef = 8E7B720E242113BD0067A13A /* 管理資材.swift */; };
		8E7D387D239C38CD00FF1CF3 /* FileMakerError.swift in Sources */ = {isa = PBXBuildFile; fileRef = 8E7D387C239C38CD00FF1CF3 /* FileMakerError.swift */; };
		8E8D3BD723D09D0A0000103D /* TestDay.swift in Sources */ = {isa = PBXBuildFile; fileRef = 8E8D3BD623D09D0A0000103D /* TestDay.swift */; };
		8E8E0793235E0BD500D7832C /* レーザー加工機.swift in Sources */ = {isa = PBXBuildFile; fileRef = 8E8E0792235E0BD500D7832C /* レーザー加工機.swift */; };
		8EBB920D235C9A6400BA3394 /* 承認状態.swift in Sources */ = {isa = PBXBuildFile; fileRef = 8EBB920C235C9A6400BA3394 /* 承認状態.swift */; };
		8ED7EEFF239948DC00A47C44 /* 箱文字日報.swift in Sources */ = {isa = PBXBuildFile; fileRef = 8ED7EEFE239948DC00A47C44 /* 箱文字日報.swift */; };
/* End PBXBuildFile section */

/* Begin PBXContainerItemProxy section */
		8E392EDB21FD61D900CEDF18 /* PBXContainerItemProxy */ = {
			isa = PBXContainerItemProxy;
			containerPortal = 8E392EC721FD61D900CEDF18 /* Project object */;
			proxyType = 1;
			remoteGlobalIDString = 8E392ECF21FD61D900CEDF18;
			remoteInfo = DataManager;
		};
/* End PBXContainerItemProxy section */

/* Begin PBXFileReference section */
		1404C86D222CE8D900F3B025 /* Test進捗.swift */ = {isa = PBXFileReference; lastKnownFileType = sourcecode.swift; path = "Test進捗.swift"; sourceTree = "<group>"; };
		1404E905220D905100841373 /* FileMakerSession.swift */ = {isa = PBXFileReference; lastKnownFileType = sourcecode.swift; path = FileMakerSession.swift; sourceTree = "<group>"; };
		141203702201C3EA0054B56F /* Date.swift */ = {isa = PBXFileReference; lastKnownFileType = sourcecode.swift; path = Date.swift; sourceTree = "<group>"; };
		141203722201C5890054B56F /* 出勤日.swift */ = {isa = PBXFileReference; lastKnownFileType = sourcecode.swift; path = "出勤日.swift"; sourceTree = "<group>"; };
		141203742201D6000054B56F /* スケジュール.swift */ = {isa = PBXFileReference; lastKnownFileType = sourcecode.swift; path = "スケジュール.swift"; sourceTree = "<group>"; };
		141203782201D82F0054B56F /* Day.swift */ = {isa = PBXFileReference; lastKnownFileType = sourcecode.swift; path = Day.swift; sourceTree = "<group>"; };
		1412037A2201D8360054B56F /* Time.swift */ = {isa = PBXFileReference; lastKnownFileType = sourcecode.swift; path = Time.swift; sourceTree = "<group>"; };
		1425D99C230778B700A2D6AB /* Month.swift */ = {isa = PBXFileReference; lastKnownFileType = sourcecode.swift; path = Month.swift; sourceTree = "<group>"; };
		1425D99E230798DA00A2D6AB /* 経理状態.swift */ = {isa = PBXFileReference; lastKnownFileType = sourcecode.swift; path = "経理状態.swift"; sourceTree = "<group>"; };
		1426FBB3231DECD1004D3EAC /* 作業.swift */ = {isa = PBXFileReference; lastKnownFileType = sourcecode.swift; path = "作業.swift"; sourceTree = "<group>"; };
		1426FBB7231DED92004D3EAC /* 部署作業者分析.swift */ = {isa = PBXFileReference; lastKnownFileType = sourcecode.swift; path = "部署作業者分析.swift"; sourceTree = "<group>"; };
		142D3BA6231CAD1900B95EEB /* 指示書分析.swift */ = {isa = PBXFileReference; lastKnownFileType = sourcecode.swift; path = "指示書分析.swift"; sourceTree = "<group>"; };
		1430C032220CFFBE0095BA9C /* Test工程.swift */ = {isa = PBXFileReference; lastKnownFileType = sourcecode.swift; path = "Test工程.swift"; sourceTree = "<group>"; };
		1431E186220C2BC900E68ED7 /* 略号.swift */ = {isa = PBXFileReference; lastKnownFileType = sourcecode.swift; path = "略号.swift"; sourceTree = "<group>"; };
		14363C4D238F891A0094FF00 /* 伝票種別.swift */ = {isa = PBXFileReference; lastKnownFileType = sourcecode.swift; path = "伝票種別.swift"; sourceTree = "<group>"; };
		1436782822643B3A00335943 /* TestDate.swift */ = {isa = PBXFileReference; lastKnownFileType = sourcecode.swift; path = TestDate.swift; sourceTree = "<group>"; };
		14399D5823EAA28C00BAFD48 /* Test社員.swift */ = {isa = PBXFileReference; lastKnownFileType = sourcecode.swift; path = "Test社員.swift"; sourceTree = "<group>"; };
		143FA9DC224F5EA9000F2029 /* 社員.swift */ = {isa = PBXFileReference; lastKnownFileType = sourcecode.swift; path = "社員.swift"; sourceTree = "<group>"; };
		1440531624203DC700C4E48C /* 注文番号.swift */ = {isa = PBXFileReference; lastKnownFileType = sourcecode.swift; path = "注文番号.swift"; sourceTree = "<group>"; };
		144C75532421A68800934282 /* 在庫キャッシュ.swift */ = {isa = PBXFileReference; lastKnownFileType = sourcecode.swift; path = "在庫キャッシュ.swift"; sourceTree = "<group>"; };
		14552F6322099833000BDCB8 /* 作業内容.swift */ = {isa = PBXFileReference; lastKnownFileType = sourcecode.swift; path = "作業内容.swift"; sourceTree = "<group>"; };
		14552F6522099B76000BDCB8 /* 指示書.swift */ = {isa = PBXFileReference; lastKnownFileType = sourcecode.swift; path = "指示書.swift"; sourceTree = "<group>"; };
		14552F6722099D32000BDCB8 /* FileMakerRecord.swift */ = {isa = PBXFileReference; lastKnownFileType = sourcecode.swift; path = FileMakerRecord.swift; sourceTree = "<group>"; };
		145998D523E8E18F00E8AC2D /* 資材要求出力.swift */ = {isa = PBXFileReference; lastKnownFileType = sourcecode.swift; path = "資材要求出力.swift"; sourceTree = "<group>"; };
		145EE8FC23964220008BC8B4 /* 作業種別.swift */ = {isa = PBXFileReference; lastKnownFileType = sourcecode.swift; path = "作業種別.swift"; sourceTree = "<group>"; };
		145EE8FE2396422F008BC8B4 /* 作業系列.swift */ = {isa = PBXFileReference; lastKnownFileType = sourcecode.swift; path = "作業系列.swift"; sourceTree = "<group>"; };
		145EE90523967BBB008BC8B4 /* 進捗出力.swift */ = {isa = PBXFileReference; lastKnownFileType = sourcecode.swift; path = "進捗出力.swift"; sourceTree = "<group>"; };
		1460F9B82399DC02006B31C0 /* Utility.swift */ = {isa = PBXFileReference; lastKnownFileType = sourcecode.swift; path = Utility.swift; sourceTree = "<group>"; };
		146508AB22FD4CF40095AD83 /* 発注.swift */ = {isa = PBXFileReference; lastKnownFileType = sourcecode.swift; path = "発注.swift"; sourceTree = "<group>"; };
		146651AF240DC696008F50D0 /* 資材入出庫.swift */ = {isa = PBXFileReference; lastKnownFileType = sourcecode.swift; path = "資材入出庫.swift"; sourceTree = "<group>"; };
		146746642373E8C90027B5C1 /* インシデント.swift */ = {isa = PBXFileReference; lastKnownFileType = sourcecode.swift; path = "インシデント.swift"; sourceTree = "<group>"; };
		14681F112212B3AE00C41D15 /* 工程図.swift */ = {isa = PBXFileReference; lastKnownFileType = sourcecode.swift; path = "工程図.swift"; sourceTree = "<group>"; };
		146884D923E113750062F454 /* Set.swift */ = {isa = PBXFileReference; lastKnownFileType = sourcecode.swift; path = Set.swift; sourceTree = "<group>"; };
		1469576A2405088100A29C4C /* DMScanner.swift */ = {isa = PBXFileReference; lastKnownFileType = sourcecode.swift; path = DMScanner.swift; sourceTree = "<group>"; };
		1469D67223C406DE00A28A6D /* TableGenerator.swift */ = {isa = PBXFileReference; lastKnownFileType = sourcecode.swift; path = TableGenerator.swift; sourceTree = "<group>"; };
		146AA03423EB818800126B0F /* LabelListPDFPage.swift */ = {isa = PBXFileReference; lastKnownFileType = sourcecode.swift; path = LabelListPDFPage.swift; sourceTree = "<group>"; };
		146AA03623EB828900126B0F /* PaperPDFPage.swift */ = {isa = PBXFileReference; lastKnownFileType = sourcecode.swift; path = PaperPDFPage.swift; sourceTree = "<group>"; };
		146AA03923EB893E00126B0F /* PDFKit.framework */ = {isa = PBXFileReference; lastKnownFileType = wrapper.framework; name = PDFKit.framework; path = Platforms/MacOSX.platform/Developer/SDKs/MacOSX10.15.sdk/System/Library/Frameworks/PDFKit.framework; sourceTree = DEVELOPER_DIR; };
		146AA59C2406067100ED395D /* 箱文字優先度.swift */ = {isa = PBXFileReference; lastKnownFileType = sourcecode.swift; path = "箱文字優先度.swift"; sourceTree = "<group>"; };
		146AA59E2406108D00ED395D /* 箱文字優先度キャッシュ.swift */ = {isa = PBXFileReference; lastKnownFileType = sourcecode.swift; path = "箱文字優先度キャッシュ.swift"; sourceTree = "<group>"; };
		146AF0E823F5013A00F4DCFE /* Test発注.swift */ = {isa = PBXFileReference; lastKnownFileType = sourcecode.swift; path = "Test発注.swift"; sourceTree = "<group>"; };
		146B4C4323E4F80B00FB392B /* Future.swift */ = {isa = PBXFileReference; lastKnownFileType = sourcecode.swift; path = Future.swift; sourceTree = "<group>"; };
		146B4C4523E4FE4200FB392B /* NSAttributedString.swift */ = {isa = PBXFileReference; lastKnownFileType = sourcecode.swift; path = NSAttributedString.swift; sourceTree = "<group>"; };
		146C1F34239F1F1200FE2918 /* 進捗状態.swift */ = {isa = PBXFileReference; lastKnownFileType = sourcecode.swift; path = "進捗状態.swift"; sourceTree = "<group>"; };
		146D0B2A23EA765F006FECA7 /* Test資材要求出力.swift */ = {isa = PBXFileReference; lastKnownFileType = sourcecode.swift; path = "Test資材要求出力.swift"; sourceTree = "<group>"; };
		146D0B2C23EA882F006FECA7 /* Test資材入出庫.swift */ = {isa = PBXFileReference; lastKnownFileType = sourcecode.swift; path = "Test資材入出庫.swift"; sourceTree = "<group>"; };
		146D0B2E23EA8869006FECA7 /* 資材入出庫出力.swift */ = {isa = PBXFileReference; lastKnownFileType = sourcecode.swift; path = "資材入出庫出力.swift"; sourceTree = "<group>"; };
		146D0B3023EA8C8B006FECA7 /* 入力区分.swift */ = {isa = PBXFileReference; lastKnownFileType = sourcecode.swift; path = "入力区分.swift"; sourceTree = "<group>"; };
		146D0B3223EA8DB9006FECA7 /* 部署.swift */ = {isa = PBXFileReference; lastKnownFileType = sourcecode.swift; path = "部署.swift"; sourceTree = "<group>"; };
		146D0B3423EA9513006FECA7 /* Test部署.swift */ = {isa = PBXFileReference; lastKnownFileType = sourcecode.swift; path = "Test部署.swift"; sourceTree = "<group>"; };
		146F1694239904DB003F88A1 /* Test進捗出力.swift */ = {isa = PBXFileReference; lastKnownFileType = sourcecode.swift; path = "Test進捗出力.swift"; sourceTree = "<group>"; };
		14709DDB23F10CDA0014008C /* BarCode.swift */ = {isa = PBXFileReference; fileEncoding = 4; lastKnownFileType = sourcecode.swift; path = BarCode.swift; sourceTree = "<group>"; };
		1470B25A236832820043A7B4 /* TestMonth.swift */ = {isa = PBXFileReference; lastKnownFileType = sourcecode.swift; path = TestMonth.swift; sourceTree = "<group>"; };
		14713C4023F607B40093F22D /* OrderedSet.swift */ = {isa = PBXFileReference; lastKnownFileType = sourcecode.swift; path = OrderedSet.swift; sourceTree = "<group>"; };
		14713C4223F60F8A0093F22D /* UserDefaults.swift */ = {isa = PBXFileReference; lastKnownFileType = sourcecode.swift; path = UserDefaults.swift; sourceTree = "<group>"; };
		1474761C23C6FE2600FE73B0 /* 製造グループ.swift */ = {isa = PBXFileReference; lastKnownFileType = sourcecode.swift; path = "製造グループ.swift"; sourceTree = "<group>"; };
		1486C06B222C8F1F00199EA5 /* カレンダー.swift */ = {isa = PBXFileReference; lastKnownFileType = sourcecode.swift; path = "カレンダー.swift"; sourceTree = "<group>"; };
		149272402306959F00BE4BEF /* 指示書変更内容履歴.swift */ = {isa = PBXFileReference; lastKnownFileType = sourcecode.swift; path = "指示書変更内容履歴.swift"; sourceTree = "<group>"; };
		1495F809242460D500944E46 /* 箱文字工程優先度.swift */ = {isa = PBXFileReference; lastKnownFileType = sourcecode.swift; path = "箱文字工程優先度.swift"; sourceTree = "<group>"; };
		14985310230BCE91007734E0 /* 資源マスタ情報.swift */ = {isa = PBXFileReference; lastKnownFileType = sourcecode.swift; path = "資源マスタ情報.swift"; sourceTree = "<group>"; };
		14985312230BCEA7007734E0 /* 供給資源情報.swift */ = {isa = PBXFileReference; lastKnownFileType = sourcecode.swift; path = "供給資源情報.swift"; sourceTree = "<group>"; };
		14985314230BCEB4007734E0 /* カレンダ情報.swift */ = {isa = PBXFileReference; lastKnownFileType = sourcecode.swift; path = "カレンダ情報.swift"; sourceTree = "<group>"; };
		14985316230BCEC1007734E0 /* 作業別工程情報.swift */ = {isa = PBXFileReference; lastKnownFileType = sourcecode.swift; path = "作業別工程情報.swift"; sourceTree = "<group>"; };
		14985318230BCECD007734E0 /* 必要資源情報.swift */ = {isa = PBXFileReference; lastKnownFileType = sourcecode.swift; path = "必要資源情報.swift"; sourceTree = "<group>"; };
		1498531A230BCEE7007734E0 /* コンストレイン情報.swift */ = {isa = PBXFileReference; lastKnownFileType = sourcecode.swift; path = "コンストレイン情報.swift"; sourceTree = "<group>"; };
		1498531C230BCEF6007734E0 /* 区分情報.swift */ = {isa = PBXFileReference; lastKnownFileType = sourcecode.swift; path = "区分情報.swift"; sourceTree = "<group>"; };
		14985324230BCF1C007734E0 /* マイルストーン情報.swift */ = {isa = PBXFileReference; lastKnownFileType = sourcecode.swift; path = "マイルストーン情報.swift"; sourceTree = "<group>"; };
		149BCAFC2208216B004066DD /* String.swift */ = {isa = PBXFileReference; lastKnownFileType = sourcecode.swift; path = String.swift; sourceTree = "<group>"; };
		149BCAFE22082BF2004066DD /* Lock.swift */ = {isa = PBXFileReference; lastKnownFileType = sourcecode.swift; path = Lock.swift; sourceTree = "<group>"; };
		149BCB0022082D87004066DD /* Test出勤日.swift */ = {isa = PBXFileReference; lastKnownFileType = sourcecode.swift; path = "Test出勤日.swift"; sourceTree = "<group>"; };
		149BCB022208419E004066DD /* Test指示書.swift */ = {isa = PBXFileReference; lastKnownFileType = sourcecode.swift; path = "Test指示書.swift"; sourceTree = "<group>"; };
		149BCB04220854F6004066DD /* 伝票状態.swift */ = {isa = PBXFileReference; lastKnownFileType = sourcecode.swift; path = "伝票状態.swift"; sourceTree = "<group>"; };
		149BCB06220854FE004066DD /* 工程状態.swift */ = {isa = PBXFileReference; lastKnownFileType = sourcecode.swift; path = "工程状態.swift"; sourceTree = "<group>"; };
		149BCB08220858FE004066DD /* 伝票種類.swift */ = {isa = PBXFileReference; lastKnownFileType = sourcecode.swift; path = "伝票種類.swift"; sourceTree = "<group>"; };
		14A251A123F38DBF00547371 /* 指示書キャッシュ.swift */ = {isa = PBXFileReference; lastKnownFileType = sourcecode.swift; path = "指示書キャッシュ.swift"; sourceTree = "<group>"; };
		14AE0024241C5282009C9558 /* 最終発注単価キャッシュ.swift */ = {isa = PBXFileReference; lastKnownFileType = sourcecode.swift; path = "最終発注単価キャッシュ.swift"; sourceTree = "<group>"; };
		14BA544B238D2EF70080925F /* 指示書文字数.swift */ = {isa = PBXFileReference; lastKnownFileType = sourcecode.swift; path = "指示書文字数.swift"; sourceTree = "<group>"; };
		14BA544D238D43010080925F /* Test指示書文字数.swift */ = {isa = PBXFileReference; lastKnownFileType = sourcecode.swift; path = "Test指示書文字数.swift"; sourceTree = "<group>"; };
		14BEE9E32240928F00B2750B /* 資材.swift */ = {isa = PBXFileReference; lastKnownFileType = sourcecode.swift; path = "資材.swift"; sourceTree = "<group>"; };
		14BEE9E52240A8B300B2750B /* Test資材.swift */ = {isa = PBXFileReference; lastKnownFileType = sourcecode.swift; path = "Test資材.swift"; sourceTree = "<group>"; };
		14BF2167230CCDBE00CE4253 /* TestEtc.swift */ = {isa = PBXFileReference; lastKnownFileType = sourcecode.swift; path = TestEtc.swift; sourceTree = "<group>"; };
		14BF2169230D083F00CE4253 /* グループ階層.swift */ = {isa = PBXFileReference; lastKnownFileType = sourcecode.swift; path = "グループ階層.swift"; sourceTree = "<group>"; };
		14C066A923757D47001E73F2 /* Version.swift */ = {isa = PBXFileReference; lastKnownFileType = sourcecode.swift; path = Version.swift; sourceTree = "<group>"; };
		14CAB7BE23E819910038870F /* Sequence.swift */ = {isa = PBXFileReference; lastKnownFileType = sourcecode.swift; path = Sequence.swift; sourceTree = "<group>"; };
		14CEBDF1222DFDE40023D0DC /* URL.swift */ = {isa = PBXFileReference; lastKnownFileType = sourcecode.swift; path = URL.swift; sourceTree = "<group>"; };
		14DA57142209A81E00831625 /* 工程.swift */ = {isa = PBXFileReference; lastKnownFileType = sourcecode.swift; path = "工程.swift"; sourceTree = "<group>"; };
		14DA57182209B0C600831625 /* 進捗.swift */ = {isa = PBXFileReference; lastKnownFileType = sourcecode.swift; path = "進捗.swift"; sourceTree = "<group>"; };
		14DFA38C24232FF2008BA120 /* 発注状態.swift */ = {isa = PBXFileReference; lastKnownFileType = sourcecode.swift; path = "発注状態.swift"; sourceTree = "<group>"; };
		14F1FF1A24283DCF00FAA2C8 /* 入出庫キャッシュ.swift */ = {isa = PBXFileReference; lastKnownFileType = sourcecode.swift; path = "入出庫キャッシュ.swift"; sourceTree = "<group>"; };
		8E0CBAE323EB62DB00587F6B /* PaperRect.swift */ = {isa = PBXFileReference; lastKnownFileType = sourcecode.swift; path = PaperRect.swift; sourceTree = "<group>"; };
		8E0CBAE823EB658E00587F6B /* UIKit.swift */ = {isa = PBXFileReference; lastKnownFileType = sourcecode.swift; path = UIKit.swift; sourceTree = "<group>"; };
		8E0CBAEA23EB659800587F6B /* Cocoa.swift */ = {isa = PBXFileReference; lastKnownFileType = sourcecode.swift; path = Cocoa.swift; sourceTree = "<group>"; };
		8E2CDF892340D22A00E7F147 /* 伝票番号.swift */ = {isa = PBXFileReference; lastKnownFileType = sourcecode.swift; path = "伝票番号.swift"; sourceTree = "<group>"; };
		8E392ED021FD61D900CEDF18 /* DataManager.framework */ = {isa = PBXFileReference; explicitFileType = wrapper.framework; includeInIndex = 0; path = DataManager.framework; sourceTree = BUILT_PRODUCTS_DIR; };
		8E392ED321FD61D900CEDF18 /* DataManager.h */ = {isa = PBXFileReference; lastKnownFileType = sourcecode.c.h; path = DataManager.h; sourceTree = "<group>"; };
		8E392ED421FD61D900CEDF18 /* Info.plist */ = {isa = PBXFileReference; lastKnownFileType = text.plist.xml; path = Info.plist; sourceTree = "<group>"; };
		8E392ED921FD61D900CEDF18 /* DataManagerTests.xctest */ = {isa = PBXFileReference; explicitFileType = wrapper.cfbundle; includeInIndex = 0; path = DataManagerTests.xctest; sourceTree = BUILT_PRODUCTS_DIR; };
		8E392EDE21FD61D900CEDF18 /* DataManagerTests.swift */ = {isa = PBXFileReference; lastKnownFileType = sourcecode.swift; path = DataManagerTests.swift; sourceTree = "<group>"; };
		8E392EE021FD61D900CEDF18 /* Info.plist */ = {isa = PBXFileReference; lastKnownFileType = text.plist.xml; path = Info.plist; sourceTree = "<group>"; };
		8E392EED21FD62D200CEDF18 /* FileMakerDB.swift */ = {isa = PBXFileReference; lastKnownFileType = sourcecode.swift; path = FileMakerDB.swift; sourceTree = "<group>"; };
		8E6EB37F24151AFC0013D04D /* 資材キャッシュ.swift */ = {isa = PBXFileReference; lastKnownFileType = sourcecode.swift; path = "資材キャッシュ.swift"; sourceTree = "<group>"; };
		8E7B720E242113BD0067A13A /* 管理資材.swift */ = {isa = PBXFileReference; lastKnownFileType = sourcecode.swift; path = "管理資材.swift"; sourceTree = "<group>"; };
		8E7D387C239C38CD00FF1CF3 /* FileMakerError.swift */ = {isa = PBXFileReference; lastKnownFileType = sourcecode.swift; path = FileMakerError.swift; sourceTree = "<group>"; };
		8E8D3BD623D09D0A0000103D /* TestDay.swift */ = {isa = PBXFileReference; lastKnownFileType = sourcecode.swift; path = TestDay.swift; sourceTree = "<group>"; };
		8E8E0792235E0BD500D7832C /* レーザー加工機.swift */ = {isa = PBXFileReference; lastKnownFileType = sourcecode.swift; path = "レーザー加工機.swift"; sourceTree = "<group>"; };
		8EBB920C235C9A6400BA3394 /* 承認状態.swift */ = {isa = PBXFileReference; lastKnownFileType = sourcecode.swift; path = "承認状態.swift"; sourceTree = "<group>"; };
		8ED7EEFE239948DC00A47C44 /* 箱文字日報.swift */ = {isa = PBXFileReference; lastKnownFileType = sourcecode.swift; path = "箱文字日報.swift"; sourceTree = "<group>"; };
/* End PBXFileReference section */

/* Begin PBXFrameworksBuildPhase section */
		8E392ECD21FD61D900CEDF18 /* Frameworks */ = {
			isa = PBXFrameworksBuildPhase;
			buildActionMask = 2147483647;
			files = (
				14713CAA23F670BF0093F22D /* PDFKit.framework in Frameworks */,
			);
			runOnlyForDeploymentPostprocessing = 0;
		};
		8E392ED621FD61D900CEDF18 /* Frameworks */ = {
			isa = PBXFrameworksBuildPhase;
			buildActionMask = 2147483647;
			files = (
				8E392EDA21FD61D900CEDF18 /* DataManager.framework in Frameworks */,
			);
			runOnlyForDeploymentPostprocessing = 0;
		};
/* End PBXFrameworksBuildPhase section */

/* Begin PBXGroup section */
		1412036F2201C3DF0054B56F /* Utility */ = {
			isa = PBXGroup;
			children = (
				8E392EED21FD62D200CEDF18 /* FileMakerDB.swift */,
				1404E905220D905100841373 /* FileMakerSession.swift */,
				14552F6722099D32000BDCB8 /* FileMakerRecord.swift */,
				8E7D387C239C38CD00FF1CF3 /* FileMakerError.swift */,
				14713C4223F60F8A0093F22D /* UserDefaults.swift */,
				141203702201C3EA0054B56F /* Date.swift */,
				1425D99C230778B700A2D6AB /* Month.swift */,
				141203782201D82F0054B56F /* Day.swift */,
				1412037A2201D8360054B56F /* Time.swift */,
				149BCAFC2208216B004066DD /* String.swift */,
				146B4C4523E4FE4200FB392B /* NSAttributedString.swift */,
				149BCAFE22082BF2004066DD /* Lock.swift */,
				146884D923E113750062F454 /* Set.swift */,
				14CEBDF1222DFDE40023D0DC /* URL.swift */,
				14C066A923757D47001E73F2 /* Version.swift */,
				1460F9B82399DC02006B31C0 /* Utility.swift */,
				146B4C4323E4F80B00FB392B /* Future.swift */,
				14CAB7BE23E819910038870F /* Sequence.swift */,
				14713C4023F607B40093F22D /* OrderedSet.swift */,
				1469576A2405088100A29C4C /* DMScanner.swift */,
			);
			path = Utility;
			sourceTree = "<group>";
		};
		145EE90423966D5C008BC8B4 /* 出力 */ = {
			isa = PBXGroup;
			children = (
				145EE90523967BBB008BC8B4 /* 進捗出力.swift */,
				145998D523E8E18F00E8AC2D /* 資材要求出力.swift */,
				146D0B2E23EA8869006FECA7 /* 資材入出庫出力.swift */,
				1469D67223C406DE00A28A6D /* TableGenerator.swift */,
				8E7B720E242113BD0067A13A /* 管理資材.swift */,
			);
			path = "出力";
			sourceTree = "<group>";
		};
		14681F102212B37200C41D15 /* 工程図 */ = {
			isa = PBXGroup;
			children = (
				14681F112212B3AE00C41D15 /* 工程図.swift */,
				14985310230BCE91007734E0 /* 資源マスタ情報.swift */,
				14985312230BCEA7007734E0 /* 供給資源情報.swift */,
				14985314230BCEB4007734E0 /* カレンダ情報.swift */,
				14985316230BCEC1007734E0 /* 作業別工程情報.swift */,
				14985318230BCECD007734E0 /* 必要資源情報.swift */,
				1498531A230BCEE7007734E0 /* コンストレイン情報.swift */,
				1498531C230BCEF6007734E0 /* 区分情報.swift */,
				14985324230BCF1C007734E0 /* マイルストーン情報.swift */,
				14BF2169230D083F00CE4253 /* グループ階層.swift */,
			);
			path = "工程図";
			sourceTree = "<group>";
		};
		146AA03823EB893E00126B0F /* Frameworks */ = {
			isa = PBXGroup;
			children = (
				146AA03923EB893E00126B0F /* PDFKit.framework */,
			);
			name = Frameworks;
			sourceTree = "<group>";
		};
		146C1F33239F1EFA00FE2918 /* 状況キャッシュ */ = {
			isa = PBXGroup;
			children = (
				146C1F34239F1F1200FE2918 /* 進捗状態.swift */,
				14A251A123F38DBF00547371 /* 指示書キャッシュ.swift */,
				146AA59E2406108D00ED395D /* 箱文字優先度キャッシュ.swift */,
				8E6EB37F24151AFC0013D04D /* 資材キャッシュ.swift */,
				14AE0024241C5282009C9558 /* 最終発注単価キャッシュ.swift */,
				144C75532421A68800934282 /* 在庫キャッシュ.swift */,
				14F1FF1A24283DCF00FAA2C8 /* 入出庫キャッシュ.swift */,
			);
			path = "状況キャッシュ";
			sourceTree = "<group>";
		};
		1495F8082424608800944E46 /* 工程分析 */ = {
			isa = PBXGroup;
			children = (
				1495F809242460D500944E46 /* 箱文字工程優先度.swift */,
			);
			path = "工程分析";
			sourceTree = "<group>";
		};
		8E0CBADA23EB5D6600587F6B /* ラベル印刷 */ = {
			isa = PBXGroup;
			children = (
				146AA03623EB828900126B0F /* PaperPDFPage.swift */,
				146AA03423EB818800126B0F /* LabelListPDFPage.swift */,
				8E0CBAE323EB62DB00587F6B /* PaperRect.swift */,
				14709DDB23F10CDA0014008C /* BarCode.swift */,
			);
			name = "ラベル印刷";
			path = "ラベル印刷";
			sourceTree = "<group>";
		};
		8E0CBAE723EB657D00587F6B /* 互換性 */ = {
			isa = PBXGroup;
			children = (
				8E0CBAE823EB658E00587F6B /* UIKit.swift */,
				8E0CBAEA23EB659800587F6B /* Cocoa.swift */,
			);
			path = "互換性";
			sourceTree = "<group>";
		};
		8E392EC621FD61D900CEDF18 = {
			isa = PBXGroup;
			children = (
				8E392ED221FD61D900CEDF18 /* DataManager */,
				8E392EDD21FD61D900CEDF18 /* DataManagerTests */,
				8E392ED121FD61D900CEDF18 /* Products */,
				146AA03823EB893E00126B0F /* Frameworks */,
			);
			sourceTree = "<group>";
		};
		8E392ED121FD61D900CEDF18 /* Products */ = {
			isa = PBXGroup;
			children = (
				8E392ED021FD61D900CEDF18 /* DataManager.framework */,
				8E392ED921FD61D900CEDF18 /* DataManagerTests.xctest */,
			);
			name = Products;
			sourceTree = "<group>";
		};
		8E392ED221FD61D900CEDF18 /* DataManager */ = {
			isa = PBXGroup;
			children = (
				1495F8082424608800944E46 /* 工程分析 */,
				8E0CBAE723EB657D00587F6B /* 互換性 */,
				8E0CBADA23EB5D6600587F6B /* ラベル印刷 */,
				146C1F33239F1EFA00FE2918 /* 状況キャッシュ */,
				8ED7EEFD239948B600A47C44 /* 記録 */,
				145EE90423966D5C008BC8B4 /* 出力 */,
				8EBD198422248C43000644C1 /* 作業ツリー */,
				14681F102212B37200C41D15 /* 工程図 */,
				8E392EEB21FD625800CEDF18 /* Database */,
				8E392EEC21FD626B00CEDF18 /* pm_osakaname */,
				1412036F2201C3DF0054B56F /* Utility */,
				8E392ED321FD61D900CEDF18 /* DataManager.h */,
				8E392ED421FD61D900CEDF18 /* Info.plist */,
			);
			path = DataManager;
			sourceTree = "<group>";
		};
		8E392EDD21FD61D900CEDF18 /* DataManagerTests */ = {
			isa = PBXGroup;
			children = (
				8E392EDE21FD61D900CEDF18 /* DataManagerTests.swift */,
				149BCB0022082D87004066DD /* Test出勤日.swift */,
				149BCB022208419E004066DD /* Test指示書.swift */,
				1430C032220CFFBE0095BA9C /* Test工程.swift */,
				1404C86D222CE8D900F3B025 /* Test進捗.swift */,
				14BEE9E52240A8B300B2750B /* Test資材.swift */,
				1436782822643B3A00335943 /* TestDate.swift */,
				1470B25A236832820043A7B4 /* TestMonth.swift */,
				8E8D3BD623D09D0A0000103D /* TestDay.swift */,
				14BF2167230CCDBE00CE4253 /* TestEtc.swift */,
				14399D5823EAA28C00BAFD48 /* Test社員.swift */,
				146AF0E823F5013A00F4DCFE /* Test発注.swift */,
				14BA544D238D43010080925F /* Test指示書文字数.swift */,
				146F1694239904DB003F88A1 /* Test進捗出力.swift */,
				146D0B2A23EA765F006FECA7 /* Test資材要求出力.swift */,
				146D0B2C23EA882F006FECA7 /* Test資材入出庫.swift */,
				146D0B3423EA9513006FECA7 /* Test部署.swift */,
				8E392EE021FD61D900CEDF18 /* Info.plist */,
			);
			path = DataManagerTests;
			sourceTree = "<group>";
		};
		8E392EEB21FD625800CEDF18 /* Database */ = {
			isa = PBXGroup;
			children = (
				1486C06B222C8F1F00199EA5 /* カレンダー.swift */,
				141203722201C5890054B56F /* 出勤日.swift */,
				14552F6522099B76000BDCB8 /* 指示書.swift */,
				14DA57182209B0C600831625 /* 進捗.swift */,
				143FA9DC224F5EA9000F2029 /* 社員.swift */,
				141203742201D6000054B56F /* スケジュール.swift */,
				14BEE9E32240928F00B2750B /* 資材.swift */,
				146508AB22FD4CF40095AD83 /* 発注.swift */,
				149272402306959F00BE4BEF /* 指示書変更内容履歴.swift */,
				146651AF240DC696008F50D0 /* 資材入出庫.swift */,
				146746642373E8C90027B5C1 /* インシデント.swift */,
				145EE8FC23964220008BC8B4 /* 作業種別.swift */,
				145EE8FE2396422F008BC8B4 /* 作業系列.swift */,
				146D0B3223EA8DB9006FECA7 /* 部署.swift */,
				1474761C23C6FE2600FE73B0 /* 製造グループ.swift */,
			);
			path = Database;
			sourceTree = "<group>";
		};
		8E392EEC21FD626B00CEDF18 /* pm_osakaname */ = {
			isa = PBXGroup;
			children = (
				149BCB04220854F6004066DD /* 伝票状態.swift */,
				149BCB06220854FE004066DD /* 工程状態.swift */,
				1425D99E230798DA00A2D6AB /* 経理状態.swift */,
				149BCB08220858FE004066DD /* 伝票種類.swift */,
				14552F6322099833000BDCB8 /* 作業内容.swift */,
				8EBB920C235C9A6400BA3394 /* 承認状態.swift */,
				14DA57142209A81E00831625 /* 工程.swift */,
				1431E186220C2BC900E68ED7 /* 略号.swift */,
				8E2CDF892340D22A00E7F147 /* 伝票番号.swift */,
				146D0B3023EA8C8B006FECA7 /* 入力区分.swift */,
				8E8E0792235E0BD500D7832C /* レーザー加工機.swift */,
				14363C4D238F891A0094FF00 /* 伝票種別.swift */,
				1440531624203DC700C4E48C /* 注文番号.swift */,
				14DFA38C24232FF2008BA120 /* 発注状態.swift */,
			);
			path = pm_osakaname;
			sourceTree = "<group>";
		};
		8EBD198422248C43000644C1 /* 作業ツリー */ = {
			isa = PBXGroup;
			children = (
				142D3BA6231CAD1900B95EEB /* 指示書分析.swift */,
				1426FBB7231DED92004D3EAC /* 部署作業者分析.swift */,
				1426FBB3231DECD1004D3EAC /* 作業.swift */,
			);
			path = "作業ツリー";
			sourceTree = "<group>";
		};
		8ED7EEFD239948B600A47C44 /* 記録 */ = {
			isa = PBXGroup;
			children = (
				14BA544B238D2EF70080925F /* 指示書文字数.swift */,
				8ED7EEFE239948DC00A47C44 /* 箱文字日報.swift */,
				146AA59C2406067100ED395D /* 箱文字優先度.swift */,
			);
			path = "記録";
			sourceTree = "<group>";
		};
/* End PBXGroup section */

/* Begin PBXHeadersBuildPhase section */
		8E392ECB21FD61D900CEDF18 /* Headers */ = {
			isa = PBXHeadersBuildPhase;
			buildActionMask = 2147483647;
			files = (
				8E392EE121FD61D900CEDF18 /* DataManager.h in Headers */,
			);
			runOnlyForDeploymentPostprocessing = 0;
		};
/* End PBXHeadersBuildPhase section */

/* Begin PBXNativeTarget section */
		8E392ECF21FD61D900CEDF18 /* DataManager */ = {
			isa = PBXNativeTarget;
			buildConfigurationList = 8E392EE421FD61D900CEDF18 /* Build configuration list for PBXNativeTarget "DataManager" */;
			buildPhases = (
				8E392ECB21FD61D900CEDF18 /* Headers */,
				8E392ECC21FD61D900CEDF18 /* Sources */,
				8E392ECD21FD61D900CEDF18 /* Frameworks */,
				8E392ECE21FD61D900CEDF18 /* Resources */,
			);
			buildRules = (
			);
			dependencies = (
			);
			name = DataManager;
			productName = DataManager;
			productReference = 8E392ED021FD61D900CEDF18 /* DataManager.framework */;
			productType = "com.apple.product-type.framework";
		};
		8E392ED821FD61D900CEDF18 /* DataManagerTests */ = {
			isa = PBXNativeTarget;
			buildConfigurationList = 8E392EE721FD61D900CEDF18 /* Build configuration list for PBXNativeTarget "DataManagerTests" */;
			buildPhases = (
				8E392ED521FD61D900CEDF18 /* Sources */,
				8E392ED621FD61D900CEDF18 /* Frameworks */,
				8E392ED721FD61D900CEDF18 /* Resources */,
			);
			buildRules = (
			);
			dependencies = (
				8E392EDC21FD61D900CEDF18 /* PBXTargetDependency */,
			);
			name = DataManagerTests;
			productName = DataManagerTests;
			productReference = 8E392ED921FD61D900CEDF18 /* DataManagerTests.xctest */;
			productType = "com.apple.product-type.bundle.unit-test";
		};
/* End PBXNativeTarget section */

/* Begin PBXProject section */
		8E392EC721FD61D900CEDF18 /* Project object */ = {
			isa = PBXProject;
			attributes = {
				LastSwiftUpdateCheck = 1010;
				LastUpgradeCheck = 1130;
				ORGANIZATIONNAME = "四熊泰之";
				TargetAttributes = {
					8E392ECF21FD61D900CEDF18 = {
						CreatedOnToolsVersion = 10.1;
						LastSwiftMigration = 1020;
					};
					8E392ED821FD61D900CEDF18 = {
						CreatedOnToolsVersion = 10.1;
						LastSwiftMigration = 1020;
					};
				};
			};
			buildConfigurationList = 8E392ECA21FD61D900CEDF18 /* Build configuration list for PBXProject "DataManager" */;
			compatibilityVersion = "Xcode 11.0";
			developmentRegion = en;
			hasScannedForEncodings = 0;
			knownRegions = (
				en,
				Base,
			);
			mainGroup = 8E392EC621FD61D900CEDF18;
			productRefGroup = 8E392ED121FD61D900CEDF18 /* Products */;
			projectDirPath = "";
			projectRoot = "";
			targets = (
				8E392ECF21FD61D900CEDF18 /* DataManager */,
				8E392ED821FD61D900CEDF18 /* DataManagerTests */,
			);
		};
/* End PBXProject section */

/* Begin PBXResourcesBuildPhase section */
		8E392ECE21FD61D900CEDF18 /* Resources */ = {
			isa = PBXResourcesBuildPhase;
			buildActionMask = 2147483647;
			files = (
			);
			runOnlyForDeploymentPostprocessing = 0;
		};
		8E392ED721FD61D900CEDF18 /* Resources */ = {
			isa = PBXResourcesBuildPhase;
			buildActionMask = 2147483647;
			files = (
			);
			runOnlyForDeploymentPostprocessing = 0;
		};
/* End PBXResourcesBuildPhase section */

/* Begin PBXSourcesBuildPhase section */
		8E392ECC21FD61D900CEDF18 /* Sources */ = {
			isa = PBXSourcesBuildPhase;
			buildActionMask = 2147483647;
			files = (
				14552F6422099833000BDCB8 /* 作業内容.swift in Sources */,
				14C066AA23757D47001E73F2 /* Version.swift in Sources */,
				14985317230BCEC2007734E0 /* 作業別工程情報.swift in Sources */,
				146B4C4423E4F80B00FB392B /* Future.swift in Sources */,
				14552F6822099D32000BDCB8 /* FileMakerRecord.swift in Sources */,
				141203752201D6000054B56F /* スケジュール.swift in Sources */,
				1431E187220C2BC900E68ED7 /* 略号.swift in Sources */,
				8E2CDF8A2340D22A00E7F147 /* 伝票番号.swift in Sources */,
				146AA03723EB828900126B0F /* PaperPDFPage.swift in Sources */,
				149BCB07220854FE004066DD /* 工程状態.swift in Sources */,
				14985311230BCE91007734E0 /* 資源マスタ情報.swift in Sources */,
				1404E906220D905100841373 /* FileMakerSession.swift in Sources */,
				1460F9B92399DC02006B31C0 /* Utility.swift in Sources */,
				144C75542421A68800934282 /* 在庫キャッシュ.swift in Sources */,
				8E392EEE21FD62D200CEDF18 /* FileMakerDB.swift in Sources */,
				14709DDC23F10CDA0014008C /* BarCode.swift in Sources */,
				8E7D387D239C38CD00FF1CF3 /* FileMakerError.swift in Sources */,
				1486C06C222C8F1F00199EA5 /* カレンダー.swift in Sources */,
				1498531B230BCEE7007734E0 /* コンストレイン情報.swift in Sources */,
				8E0CBAE923EB658E00587F6B /* UIKit.swift in Sources */,
				146651B0240DC696008F50D0 /* 資材入出庫.swift in Sources */,
				1495F80A242460D500944E46 /* 箱文字工程優先度.swift in Sources */,
				1412037B2201D8360054B56F /* Time.swift in Sources */,
				1440531724203DC700C4E48C /* 注文番号.swift in Sources */,
				1426FBB4231DECD1004D3EAC /* 作業.swift in Sources */,
				14713C4123F607B40093F22D /* OrderedSet.swift in Sources */,
				146AA03523EB818800126B0F /* LabelListPDFPage.swift in Sources */,
				1425D99F230798DA00A2D6AB /* 経理状態.swift in Sources */,
				146AA59F2406108D00ED395D /* 箱文字優先度キャッシュ.swift in Sources */,
				14DFA38D24232FF2008BA120 /* 発注状態.swift in Sources */,
				1474761D23C6FE2600FE73B0 /* 製造グループ.swift in Sources */,
				142D3BA7231CAD1900B95EEB /* 指示書分析.swift in Sources */,
				146746652373E8C90027B5C1 /* インシデント.swift in Sources */,
				1498531D230BCEF6007734E0 /* 区分情報.swift in Sources */,
				146B4C4623E4FE4200FB392B /* NSAttributedString.swift in Sources */,
				143FA9DD224F5EA9000F2029 /* 社員.swift in Sources */,
				145EE8FF2396422F008BC8B4 /* 作業系列.swift in Sources */,
				146D0B2F23EA8869006FECA7 /* 資材入出庫出力.swift in Sources */,
				146884DA23E113750062F454 /* Set.swift in Sources */,
				14985319230BCECD007734E0 /* 必要資源情報.swift in Sources */,
				14CEBDF2222DFDE40023D0DC /* URL.swift in Sources */,
				149272412306959F00BE4BEF /* 指示書変更内容履歴.swift in Sources */,
				8E6EB38024151AFC0013D04D /* 資材キャッシュ.swift in Sources */,
				14985325230BCF1C007734E0 /* マイルストーン情報.swift in Sources */,
				141203792201D82F0054B56F /* Day.swift in Sources */,
				14DA57152209A81E00831625 /* 工程.swift in Sources */,
				8E0CBAEB23EB659800587F6B /* Cocoa.swift in Sources */,
				146C1F35239F1F1200FE2918 /* 進捗状態.swift in Sources */,
				14552F6622099B76000BDCB8 /* 指示書.swift in Sources */,
				146D0B3323EA8DB9006FECA7 /* 部署.swift in Sources */,
				14363C4E238F891A0094FF00 /* 伝票種別.swift in Sources */,
				14BF216A230D083F00CE4253 /* グループ階層.swift in Sources */,
				1425D99D230778B700A2D6AB /* Month.swift in Sources */,
				149BCAFF22082BF2004066DD /* Lock.swift in Sources */,
				8E7B720F242113BD0067A13A /* 管理資材.swift in Sources */,
				14BA544C238D2EF70080925F /* 指示書文字数.swift in Sources */,
				14A251A223F38DBF00547371 /* 指示書キャッシュ.swift in Sources */,
				149BCB09220858FE004066DD /* 伝票種類.swift in Sources */,
				14681F122212B3AE00C41D15 /* 工程図.swift in Sources */,
				1426FBB8231DED92004D3EAC /* 部署作業者分析.swift in Sources */,
				8EBB920D235C9A6400BA3394 /* 承認状態.swift in Sources */,
				14AE0025241C5282009C9558 /* 最終発注単価キャッシュ.swift in Sources */,
				8ED7EEFF239948DC00A47C44 /* 箱文字日報.swift in Sources */,
				14BEE9E42240928F00B2750B /* 資材.swift in Sources */,
				145998D623E8E18F00E8AC2D /* 資材要求出力.swift in Sources */,
				145EE8FD23964220008BC8B4 /* 作業種別.swift in Sources */,
				14713C4323F60F8A0093F22D /* UserDefaults.swift in Sources */,
				146AA59D2406067100ED395D /* 箱文字優先度.swift in Sources */,
				14CAB7BF23E819910038870F /* Sequence.swift in Sources */,
				149BCB05220854F6004066DD /* 伝票状態.swift in Sources */,
				8E0CBAE423EB62DB00587F6B /* PaperRect.swift in Sources */,
				1469576B2405088100A29C4C /* DMScanner.swift in Sources */,
				146508AC22FD4CF40095AD83 /* 発注.swift in Sources */,
				8E8E0793235E0BD500D7832C /* レーザー加工機.swift in Sources */,
				1469D67323C406DE00A28A6D /* TableGenerator.swift in Sources */,
				145EE90623967BBB008BC8B4 /* 進捗出力.swift in Sources */,
				14DA57192209B0C600831625 /* 進捗.swift in Sources */,
				141203712201C3EA0054B56F /* Date.swift in Sources */,
				14F1FF1B24283DCF00FAA2C8 /* 入出庫キャッシュ.swift in Sources */,
				14985313230BCEA7007734E0 /* 供給資源情報.swift in Sources */,
				14985315230BCEB4007734E0 /* カレンダ情報.swift in Sources */,
				141203732201C5890054B56F /* 出勤日.swift in Sources */,
				149BCAFD2208216B004066DD /* String.swift in Sources */,
				146D0B3123EA8C8B006FECA7 /* 入力区分.swift in Sources */,
			);
			runOnlyForDeploymentPostprocessing = 0;
		};
		8E392ED521FD61D900CEDF18 /* Sources */ = {
			isa = PBXSourcesBuildPhase;
			buildActionMask = 2147483647;
			files = (
				146F1695239904DB003F88A1 /* Test進捗出力.swift in Sources */,
				146D0B2B23EA765F006FECA7 /* Test資材要求出力.swift in Sources */,
				14BA544E238D43010080925F /* Test指示書文字数.swift in Sources */,
				8E392EDF21FD61D900CEDF18 /* DataManagerTests.swift in Sources */,
				149BCB0122082D87004066DD /* Test出勤日.swift in Sources */,
				1470B25B236832820043A7B4 /* TestMonth.swift in Sources */,
				14399D5923EAA28C00BAFD48 /* Test社員.swift in Sources */,
				14BEE9E62240A8B300B2750B /* Test資材.swift in Sources */,
				149BCB032208419E004066DD /* Test指示書.swift in Sources */,
				14BF2168230CCDBE00CE4253 /* TestEtc.swift in Sources */,
				1430C033220CFFBE0095BA9C /* Test工程.swift in Sources */,
				146D0B3523EA9513006FECA7 /* Test部署.swift in Sources */,
				1404C86E222CE8D900F3B025 /* Test進捗.swift in Sources */,
				146AF0E923F5013A00F4DCFE /* Test発注.swift in Sources */,
				146D0B2D23EA882F006FECA7 /* Test資材入出庫.swift in Sources */,
				8E8D3BD723D09D0A0000103D /* TestDay.swift in Sources */,
				1436782922643B3A00335943 /* TestDate.swift in Sources */,
			);
			runOnlyForDeploymentPostprocessing = 0;
		};
/* End PBXSourcesBuildPhase section */

/* Begin PBXTargetDependency section */
		8E392EDC21FD61D900CEDF18 /* PBXTargetDependency */ = {
			isa = PBXTargetDependency;
			target = 8E392ECF21FD61D900CEDF18 /* DataManager */;
			targetProxy = 8E392EDB21FD61D900CEDF18 /* PBXContainerItemProxy */;
		};
/* End PBXTargetDependency section */

/* Begin XCBuildConfiguration section */
		8E392EE221FD61D900CEDF18 /* Debug */ = {
			isa = XCBuildConfiguration;
			buildSettings = {
				ALWAYS_SEARCH_USER_PATHS = NO;
				CLANG_ANALYZER_NONNULL = YES;
				CLANG_ANALYZER_NUMBER_OBJECT_CONVERSION = YES_AGGRESSIVE;
				CLANG_CXX_LANGUAGE_STANDARD = "gnu++14";
				CLANG_CXX_LIBRARY = "libc++";
				CLANG_ENABLE_MODULES = YES;
				CLANG_ENABLE_OBJC_ARC = YES;
				CLANG_ENABLE_OBJC_WEAK = YES;
				CLANG_WARN_BLOCK_CAPTURE_AUTORELEASING = YES;
				CLANG_WARN_BOOL_CONVERSION = YES;
				CLANG_WARN_COMMA = YES;
				CLANG_WARN_CONSTANT_CONVERSION = YES;
				CLANG_WARN_DEPRECATED_OBJC_IMPLEMENTATIONS = YES;
				CLANG_WARN_DIRECT_OBJC_ISA_USAGE = YES_ERROR;
				CLANG_WARN_DOCUMENTATION_COMMENTS = YES;
				CLANG_WARN_EMPTY_BODY = YES;
				CLANG_WARN_ENUM_CONVERSION = YES;
				CLANG_WARN_INFINITE_RECURSION = YES;
				CLANG_WARN_INT_CONVERSION = YES;
				CLANG_WARN_NON_LITERAL_NULL_CONVERSION = YES;
				CLANG_WARN_OBJC_IMPLICIT_RETAIN_SELF = YES;
				CLANG_WARN_OBJC_LITERAL_CONVERSION = YES;
				CLANG_WARN_OBJC_ROOT_CLASS = YES_ERROR;
				CLANG_WARN_RANGE_LOOP_ANALYSIS = YES;
				CLANG_WARN_STRICT_PROTOTYPES = YES;
				CLANG_WARN_SUSPICIOUS_MOVE = YES;
				CLANG_WARN_UNGUARDED_AVAILABILITY = YES_AGGRESSIVE;
				CLANG_WARN_UNREACHABLE_CODE = YES;
				CLANG_WARN__DUPLICATE_METHOD_MATCH = YES;
				CODE_SIGN_IDENTITY = "Mac Developer";
				COPY_PHASE_STRIP = NO;
				DEBUG_INFORMATION_FORMAT = dwarf;
				ENABLE_STRICT_OBJC_MSGSEND = YES;
				ENABLE_TESTABILITY = YES;
				GCC_C_LANGUAGE_STANDARD = gnu11;
				GCC_DYNAMIC_NO_PIC = NO;
				GCC_NO_COMMON_BLOCKS = YES;
				GCC_OPTIMIZATION_LEVEL = 0;
				GCC_PREPROCESSOR_DEFINITIONS = (
					"DEBUG=1",
					"$(inherited)",
				);
				GCC_WARN_64_TO_32_BIT_CONVERSION = YES;
				GCC_WARN_ABOUT_RETURN_TYPE = YES_ERROR;
				GCC_WARN_UNDECLARED_SELECTOR = YES;
				GCC_WARN_UNINITIALIZED_AUTOS = YES_AGGRESSIVE;
				GCC_WARN_UNUSED_FUNCTION = YES;
				GCC_WARN_UNUSED_VARIABLE = YES;
				IPHONEOS_DEPLOYMENT_TARGET = 12.4;
				MACOSX_DEPLOYMENT_TARGET = 10.14;
				MTL_ENABLE_DEBUG_INFO = INCLUDE_SOURCE;
				MTL_FAST_MATH = YES;
				ONLY_ACTIVE_ARCH = YES;
				SDKROOT = iphoneos;
				SUPPORTED_PLATFORMS = "iphonesimulator iphoneos macosx appletvos";
				SWIFT_ACTIVE_COMPILATION_CONDITIONS = DEBUG;
				SWIFT_OPTIMIZATION_LEVEL = "-Onone";
				TARGETED_DEVICE_FAMILY = "1,2,3";
				TVOS_DEPLOYMENT_TARGET = 13.2;
				VERSIONING_SYSTEM = "apple-generic";
				VERSION_INFO_PREFIX = "";
			};
			name = Debug;
		};
		8E392EE321FD61D900CEDF18 /* Release */ = {
			isa = XCBuildConfiguration;
			buildSettings = {
				ALWAYS_SEARCH_USER_PATHS = NO;
				CLANG_ANALYZER_NONNULL = YES;
				CLANG_ANALYZER_NUMBER_OBJECT_CONVERSION = YES_AGGRESSIVE;
				CLANG_CXX_LANGUAGE_STANDARD = "gnu++14";
				CLANG_CXX_LIBRARY = "libc++";
				CLANG_ENABLE_MODULES = YES;
				CLANG_ENABLE_OBJC_ARC = YES;
				CLANG_ENABLE_OBJC_WEAK = YES;
				CLANG_WARN_BLOCK_CAPTURE_AUTORELEASING = YES;
				CLANG_WARN_BOOL_CONVERSION = YES;
				CLANG_WARN_COMMA = YES;
				CLANG_WARN_CONSTANT_CONVERSION = YES;
				CLANG_WARN_DEPRECATED_OBJC_IMPLEMENTATIONS = YES;
				CLANG_WARN_DIRECT_OBJC_ISA_USAGE = YES_ERROR;
				CLANG_WARN_DOCUMENTATION_COMMENTS = YES;
				CLANG_WARN_EMPTY_BODY = YES;
				CLANG_WARN_ENUM_CONVERSION = YES;
				CLANG_WARN_INFINITE_RECURSION = YES;
				CLANG_WARN_INT_CONVERSION = YES;
				CLANG_WARN_NON_LITERAL_NULL_CONVERSION = YES;
				CLANG_WARN_OBJC_IMPLICIT_RETAIN_SELF = YES;
				CLANG_WARN_OBJC_LITERAL_CONVERSION = YES;
				CLANG_WARN_OBJC_ROOT_CLASS = YES_ERROR;
				CLANG_WARN_RANGE_LOOP_ANALYSIS = YES;
				CLANG_WARN_STRICT_PROTOTYPES = YES;
				CLANG_WARN_SUSPICIOUS_MOVE = YES;
				CLANG_WARN_UNGUARDED_AVAILABILITY = YES_AGGRESSIVE;
				CLANG_WARN_UNREACHABLE_CODE = YES;
				CLANG_WARN__DUPLICATE_METHOD_MATCH = YES;
				CODE_SIGN_IDENTITY = "Mac Developer";
				COPY_PHASE_STRIP = NO;
				DEBUG_INFORMATION_FORMAT = "dwarf-with-dsym";
				ENABLE_NS_ASSERTIONS = NO;
				ENABLE_STRICT_OBJC_MSGSEND = YES;
				GCC_C_LANGUAGE_STANDARD = gnu11;
				GCC_NO_COMMON_BLOCKS = YES;
				GCC_WARN_64_TO_32_BIT_CONVERSION = YES;
				GCC_WARN_ABOUT_RETURN_TYPE = YES_ERROR;
				GCC_WARN_UNDECLARED_SELECTOR = YES;
				GCC_WARN_UNINITIALIZED_AUTOS = YES_AGGRESSIVE;
				GCC_WARN_UNUSED_FUNCTION = YES;
				GCC_WARN_UNUSED_VARIABLE = YES;
				IPHONEOS_DEPLOYMENT_TARGET = 12.4;
				MACOSX_DEPLOYMENT_TARGET = 10.14;
				MTL_ENABLE_DEBUG_INFO = NO;
				MTL_FAST_MATH = YES;
				SDKROOT = iphoneos;
				SUPPORTED_PLATFORMS = "iphonesimulator iphoneos macosx appletvos";
				SWIFT_COMPILATION_MODE = wholemodule;
				SWIFT_OPTIMIZATION_LEVEL = "-O";
				TARGETED_DEVICE_FAMILY = "1,2,3";
				TVOS_DEPLOYMENT_TARGET = 13.2;
				VERSIONING_SYSTEM = "apple-generic";
				VERSION_INFO_PREFIX = "";
			};
			name = Release;
		};
		8E392EE521FD61D900CEDF18 /* Debug */ = {
			isa = XCBuildConfiguration;
			buildSettings = {
				CLANG_ENABLE_MODULES = YES;
				CODE_SIGN_IDENTITY = "";
				CODE_SIGN_STYLE = Automatic;
				COMBINE_HIDPI_IMAGES = YES;
				CURRENT_PROJECT_VERSION = 4;
				DEFINES_MODULE = YES;
				DEVELOPMENT_TEAM = 4EX9H95FTD;
				DYLIB_COMPATIBILITY_VERSION = 1;
				DYLIB_CURRENT_VERSION = 1;
				DYLIB_INSTALL_NAME_BASE = "@rpath";
				FRAMEWORK_VERSION = A;
				INFOPLIST_FILE = DataManager/Info.plist;
				INSTALL_PATH = "@rpath/";
				LD_RUNPATH_SEARCH_PATHS = (
					"$(inherited)",
					"@executable_path/../Frameworks",
					"@loader_path/Frameworks",
				);
				MARKETING_VERSION = 1.21;
				PRODUCT_BUNDLE_IDENTIFIER = jp.co.osakaname.shikuma.DataManager;
				PRODUCT_NAME = "$(TARGET_NAME:c99extidentifier)";
				PROVISIONING_PROFILE_SPECIFIER = "";
				SKIP_INSTALL = YES;
				SUPPORTS_MACCATALYST = YES;
				SWIFT_OPTIMIZATION_LEVEL = "-Onone";
				SWIFT_VERSION = 5.0;
				TARGETED_DEVICE_FAMILY = "1,2,3";
			};
			name = Debug;
		};
		8E392EE621FD61D900CEDF18 /* Release */ = {
			isa = XCBuildConfiguration;
			buildSettings = {
				CLANG_ENABLE_MODULES = YES;
				CODE_SIGN_IDENTITY = "";
				CODE_SIGN_STYLE = Automatic;
				COMBINE_HIDPI_IMAGES = YES;
				CURRENT_PROJECT_VERSION = 4;
				DEFINES_MODULE = YES;
				DEVELOPMENT_TEAM = 4EX9H95FTD;
				DYLIB_COMPATIBILITY_VERSION = 1;
				DYLIB_CURRENT_VERSION = 1;
				DYLIB_INSTALL_NAME_BASE = "@rpath";
				FRAMEWORK_VERSION = A;
				INFOPLIST_FILE = DataManager/Info.plist;
				INSTALL_PATH = "@rpath/";
				LD_RUNPATH_SEARCH_PATHS = (
					"$(inherited)",
					"@executable_path/../Frameworks",
					"@loader_path/Frameworks",
				);
				MARKETING_VERSION = 1.21;
				PRODUCT_BUNDLE_IDENTIFIER = jp.co.osakaname.shikuma.DataManager;
				PRODUCT_NAME = "$(TARGET_NAME:c99extidentifier)";
				PROVISIONING_PROFILE_SPECIFIER = "";
				SKIP_INSTALL = YES;
				SUPPORTS_MACCATALYST = YES;
				SWIFT_VERSION = 5.0;
				TARGETED_DEVICE_FAMILY = "1,2,3";
			};
			name = Release;
		};
		8E392EE821FD61D900CEDF18 /* Debug */ = {
			isa = XCBuildConfiguration;
			buildSettings = {
				ALWAYS_EMBED_SWIFT_STANDARD_LIBRARIES = YES;
				CODE_SIGN_STYLE = Automatic;
				COMBINE_HIDPI_IMAGES = YES;
				DEVELOPMENT_TEAM = 4EX9H95FTD;
				INFOPLIST_FILE = DataManagerTests/Info.plist;
				LD_RUNPATH_SEARCH_PATHS = (
					"$(inherited)",
					"@executable_path/../Frameworks",
					"@loader_path/../Frameworks",
				);
				PRODUCT_BUNDLE_IDENTIFIER = jp.co.osakaname.shikuma.DataManagerTests;
				PRODUCT_NAME = "$(TARGET_NAME)";
				SWIFT_VERSION = 5.0;
			};
			name = Debug;
		};
		8E392EE921FD61D900CEDF18 /* Release */ = {
			isa = XCBuildConfiguration;
			buildSettings = {
				ALWAYS_EMBED_SWIFT_STANDARD_LIBRARIES = YES;
				CODE_SIGN_STYLE = Automatic;
				COMBINE_HIDPI_IMAGES = YES;
				DEVELOPMENT_TEAM = 4EX9H95FTD;
				INFOPLIST_FILE = DataManagerTests/Info.plist;
				LD_RUNPATH_SEARCH_PATHS = (
					"$(inherited)",
					"@executable_path/../Frameworks",
					"@loader_path/../Frameworks",
				);
				PRODUCT_BUNDLE_IDENTIFIER = jp.co.osakaname.shikuma.DataManagerTests;
				PRODUCT_NAME = "$(TARGET_NAME)";
				SWIFT_VERSION = 5.0;
			};
			name = Release;
		};
/* End XCBuildConfiguration section */

/* Begin XCConfigurationList section */
		8E392ECA21FD61D900CEDF18 /* Build configuration list for PBXProject "DataManager" */ = {
			isa = XCConfigurationList;
			buildConfigurations = (
				8E392EE221FD61D900CEDF18 /* Debug */,
				8E392EE321FD61D900CEDF18 /* Release */,
			);
			defaultConfigurationIsVisible = 0;
			defaultConfigurationName = Release;
		};
		8E392EE421FD61D900CEDF18 /* Build configuration list for PBXNativeTarget "DataManager" */ = {
			isa = XCConfigurationList;
			buildConfigurations = (
				8E392EE521FD61D900CEDF18 /* Debug */,
				8E392EE621FD61D900CEDF18 /* Release */,
			);
			defaultConfigurationIsVisible = 0;
			defaultConfigurationName = Release;
		};
		8E392EE721FD61D900CEDF18 /* Build configuration list for PBXNativeTarget "DataManagerTests" */ = {
			isa = XCConfigurationList;
			buildConfigurations = (
				8E392EE821FD61D900CEDF18 /* Debug */,
				8E392EE921FD61D900CEDF18 /* Release */,
			);
			defaultConfigurationIsVisible = 0;
			defaultConfigurationName = Release;
		};
/* End XCConfigurationList section */
	};
	rootObject = 8E392EC721FD61D900CEDF18 /* Project object */;
}
